
Microsoft Visual Studio Solution File, Format Version 12.00
Project("{FAE04EC0-301F-11D3-BF4B-00C04F79EFBC}") = "Class20 - Dynamic Programming", "Class20 - Dynamic Programming\Class20 - Dynamic Programming.csproj", "{3FDF8601-73EC-48F6-A899-98A679113022}"
EndProject
Project("{FAE04EC0-301F-11D3-BF4B-00C04F79EFBC}") = "Class21", "Class21\Class21.csproj", "{71443FC2-2032-4C8E-9C20-4EFE92C8FB92}"
EndProject
Global
	GlobalSection(SolutionConfigurationPlatforms) = preSolution
		Debug|Any CPU = Debug|Any CPU
		Release|Any CPU = Release|Any CPU
	EndGlobalSection
	GlobalSection(ProjectConfigurationPlatforms) = postSolution
		{3FDF8601-73EC-48F6-A899-98A679113022}.Debug|Any CPU.ActiveCfg = Debug|Any CPU
		{3FDF8601-73EC-48F6-A899-98A679113022}.Debug|Any CPU.Build.0 = Debug|Any CPU
		{3FDF8601-73EC-48F6-A899-98A679113022}.Release|Any CPU.ActiveCfg = Release|Any CPU
		{3FDF8601-73EC-48F6-A899-98A679113022}.Release|Any CPU.Build.0 = Release|Any CPU
		{71443FC2-2032-4C8E-9C20-4EFE92C8FB92}.Debug|Any CPU.ActiveCfg = Debug|Any CPU
		{71443FC2-2032-4C8E-9C20-4EFE92C8FB92}.Debug|Any CPU.Build.0 = Debug|Any CPU
		{71443FC2-2032-4C8E-9C20-4EFE92C8FB92}.Release|Any CPU.ActiveCfg = Release|Any CPU
		{71443FC2-2032-4C8E-9C20-4EFE92C8FB92}.Release|Any CPU.Build.0 = Release|Any CPU
	EndGlobalSection
EndGlobal
